
Microsoft Visual Studio Solution File, Format Version 12.00
# Visual Studio 2012
Project("{FAE04EC0-301F-11D3-BF4B-00C04F79EFBC}") = "1_2_2_1", "1_2_2_1\1_2_2_1.csproj", "{8418293F-8C8C-48A6-9557-FA59D6D20C09}"
EndProject
Global
	GlobalSection(SolutionConfigurationPlatforms) = preSolution
		Debug|x86 = Debug|x86
		Release|x86 = Release|x86
	EndGlobalSection
	GlobalSection(ProjectConfigurationPlatforms) = postSolution
		{8418293F-8C8C-48A6-9557-FA59D6D20C09}.Debug|x86.ActiveCfg = Debug|x86
		{8418293F-8C8C-48A6-9557-FA59D6D20C09}.Debug|x86.Build.0 = Debug|x86
		{8418293F-8C8C-48A6-9557-FA59D6D20C09}.Release|x86.ActiveCfg = Release|x86
		{8418293F-8C8C-48A6-9557-FA59D6D20C09}.Release|x86.Build.0 = Release|x86
	EndGlobalSection
	GlobalSection(MonoDevelopProperties) = preSolution
		StartupItem = 1_2_2_1\1_2_2_1.csproj
	EndGlobalSection
EndGlobal
